
Microsoft Visual Studio Solution File, Format Version 12.00
# Visual Studio Version 16
VisualStudioVersion = 16.0.30413.136
MinimumVisualStudioVersion = 10.0.40219.1
Project("{9A19103F-16F7-4668-BE54-9A1E7A4F7556}") = "MVCToWebAPI", "MVCToWebAPI\MVCToWebAPI.csproj", "{04F0A52D-A3CB-4F2B-89AA-3621A3585054}"
EndProject
Project("{9A19103F-16F7-4668-BE54-9A1E7A4F7556}") = "VueDemoInMVC", "VueDemoInMVC\VueDemoInMVC.csproj", "{0D5FD625-EB84-4567-8B6A-9A6013D456BA}"
EndProject
Global
	GlobalSection(SolutionConfigurationPlatforms) = preSolution
		Debug|Any CPU = Debug|Any CPU
		Release|Any CPU = Release|Any CPU
	EndGlobalSection
	GlobalSection(ProjectConfigurationPlatforms) = postSolution
		{04F0A52D-A3CB-4F2B-89AA-3621A3585054}.Debug|Any CPU.ActiveCfg = Debug|Any CPU
		{04F0A52D-A3CB-4F2B-89AA-3621A3585054}.Debug|Any CPU.Build.0 = Debug|Any CPU
		{04F0A52D-A3CB-4F2B-89AA-3621A3585054}.Release|Any CPU.ActiveCfg = Release|Any CPU
		{04F0A52D-A3CB-4F2B-89AA-3621A3585054}.Release|Any CPU.Build.0 = Release|Any CPU
		{0D5FD625-EB84-4567-8B6A-9A6013D456BA}.Debug|Any CPU.ActiveCfg = Debug|Any CPU
		{0D5FD625-EB84-4567-8B6A-9A6013D456BA}.Debug|Any CPU.Build.0 = Debug|Any CPU
		{0D5FD625-EB84-4567-8B6A-9A6013D456BA}.Release|Any CPU.ActiveCfg = Release|Any CPU
		{0D5FD625-EB84-4567-8B6A-9A6013D456BA}.Release|Any CPU.Build.0 = Release|Any CPU
	EndGlobalSection
	GlobalSection(SolutionProperties) = preSolution
		HideSolutionNode = FALSE
	EndGlobalSection
	GlobalSection(ExtensibilityGlobals) = postSolution
		SolutionGuid = {A0BCF529-B4D5-4779-9F50-977895878470}
	EndGlobalSection
EndGlobal
